{
    "_readme": [
        "This file locks the dependencies of your project to a known state",
        "Read more about it at https://getcomposer.org/doc/01-basic-usage.md#composer-lock-the-lock-file",
        "This file is @generated automatically"
    ],
    "content-hash": "adc392ef7340a30855efcdacc40133fd",
    "packages": [],
    "packages-dev": [],
    "aliases": [],
    "minimum-stability": "stable",
    "stability-flags": [],
    "prefer-stable": false,
    "prefer-lowest": false,
    "platform": {
"ext-mbstring": "*",
        "ext-mcrypt": "*",
        "symfony/symfony": "2.7.*",
        "doctrine/orm": "^2.4.8",
        "doctrine/doctrine-bundle": "~1.4",
        "symfony/assetic-bundle": "~2.3",
        "symfony/swiftmailer-bundle": "~2.3",
        "symfony/monolog-bundle": "~2.8",
        "sensio/distribution-bundle": "~4.0",
        "sensio/framework-extra-bundle": "^3.0.2",
        "incenteev/composer-parameter-handler": "~2.0",
        "friendsofsymfony/user-bundle": "~2.0@dev",
        "knplabs/doctrine-behaviors": "~1.1",
        "friendsofsymfony/jsrouting-bundle": "^1.5",
        "jms/serializer-bundle": "^1.1",
        "genemu/form-bundle": "2.2.*",
        "elao/web-profiler-extra-bundle" : "~2.3",
        "a2lix/translation-form-bundle": "^2.0",
        "ircmaxell/password-compat": "~1.0",
        "vich/uploader-bundle": "^0.14.0",
        "liip/imagine-bundle": "^1.4",
        "doctrine/data-fixtures": "^1.1",
        "league/geotools": "@stable",
        "winzou/state-machine-bundle": "~0.2.2",
        "doctrine/doctrine-fixtures-bundle": "~2.2",
        "muka/shape-reader": "dev-master",
        "league/csv": "^8.0",
        "ronanguilloux/isocodes": "^2.0",
        "liuggio/excelbundle": "~2.0",
        "liip/doctrine-cache-bundle": "^1.0",
        "evheniy/robots-txt-bundle": "1.*",
        "php-amqplib/rabbitmq-bundle": "^1.9",
        "icicleio/icicle": "^0.9.6"
    },
    "platform-dev": []
}
