{
    "_readme": [
        "This file locks the dependencies of your project to a known state",
        "Read more about it at https://getcomposer.org/doc/01-basic-usage.md#composer-lock-the-lock-file",
        "This file is @generated automatically"
    ],
    "content-hash": "adc392ef7340a30855efcdacc40133fd",
    "packages": [],
    "packages-dev": [],
    "aliases": [],
    "minimum-stability": "stable",
    "stability-flags": [],
    "prefer-stable": false,
    "prefer-lowest": false,
    "platform": {
"ext-mbstring": "*",
        "ext-mcrypt": "*",
        "symfony/symfony": "*",
        "doctrine/orm": "*",
        "doctrine/doctrine-bundle": "*",
        "symfony/assetic-bundle": "*",
        "symfony/swiftmailer-bundle": "*",
        "symfony/monolog-bundle": "*",
        "sensio/distribution-bundle": "*",
        "sensio/framework-extra-bundle": "*",
        "incenteev/composer-parameter-handler": "*",
        "friendsofsymfony/user-bundle": "*",
        "knplabs/doctrine-behaviors": "*",
        "friendsofsymfony/jsrouting-bundle": "*",
        "jms/serializer-bundle": "*",
        "genemu/form-bundle": "*",
        "elao/web-profiler-extra-bundle" : "*",
        "a2lix/translation-form-bundle": "*",
        "ircmaxell/password-compat": "*",
        "vich/uploader-bundle": "*",
        "liip/imagine-bundle": "*",
        "doctrine/data-fixtures": "*",
        "league/geotools": "*",
        "winzou/state-machine-bundle": "*",
        "doctrine/doctrine-fixtures-bundle": "*",
        "muka/shape-reader": "*",
        "league/csv": "*",
        "ronanguilloux/isocodes": "*",
        "liuggio/excelbundle": "*",
        "liip/doctrine-cache-bundle": "*",
        "evheniy/robots-txt-bundle": "*",
        "php-amqplib/rabbitmq-bundle": "*",
        "icicleio/icicle": "*"
    },
    "platform-dev": []
}
